
Microsoft Visual Studio Solution File, Format Version 12.00
# Visual Studio Version 17
VisualStudioVersion = 17.3.32811.315
MinimumVisualStudioVersion = 10.0.40219.1
Project("{FAE04EC0-301F-11D3-BF4B-00C04F79EFBC}") = "Programa 04.10.2022", "Programa 04.10.2022\Programa 04.10.2022.csproj", "{3B08566E-A455-450B-8D27-61D517DE3645}"
EndProject
Global
	GlobalSection(SolutionConfigurationPlatforms) = preSolution
		Debug|Any CPU = Debug|Any CPU
		Release|Any CPU = Release|Any CPU
	EndGlobalSection
	GlobalSection(ProjectConfigurationPlatforms) = postSolution
		{3B08566E-A455-450B-8D27-61D517DE3645}.Debug|Any CPU.ActiveCfg = Debug|Any CPU
		{3B08566E-A455-450B-8D27-61D517DE3645}.Debug|Any CPU.Build.0 = Debug|Any CPU
		{3B08566E-A455-450B-8D27-61D517DE3645}.Release|Any CPU.ActiveCfg = Release|Any CPU
		{3B08566E-A455-450B-8D27-61D517DE3645}.Release|Any CPU.Build.0 = Release|Any CPU
	EndGlobalSection
	GlobalSection(SolutionProperties) = preSolution
		HideSolutionNode = FALSE
	EndGlobalSection
	GlobalSection(ExtensibilityGlobals) = postSolution
		SolutionGuid = {C299203D-5DA9-4CCD-A9A6-5FB65E40B1E0}
	EndGlobalSection
EndGlobal
